{
  "name": "package_name",
  "version": "0.0.0",
  "lockfileVersion": 2,
  "requires": true,
  "packages": {
    "": {
      "name": "package_name",
      "version": "0.0.0",
      "license": "MIT",
      "dependencies": {
        "chroma-js": "^2.4.2"
      },
      "devDependencies": {
        "@types/chroma-js": "^2.1.4"
      }
    },
    "node_modules/@types/chroma-js": {
      "version": "2.1.4",
      "resolved": "https://registry.npmjs.org/@types/chroma-js/-/chroma-js-2.1.4.tgz",
      "integrity": "sha512-l9hWzP7cp7yleJUI7P2acmpllTJNYf5uU6wh50JzSIZt3fFHe+w2FM6w9oZGBTYzjjm2qHdnQvI+fF/JF/E5jQ==",
      "dev": true
    },
    "node_modules/chroma-js": {
      "version": "2.4.2",
      "resolved": "https://registry.npmjs.org/chroma-js/-/chroma-js-2.4.2.tgz",
      "integrity": "sha512-U9eDw6+wt7V8z5NncY2jJfZa+hUH8XEj8FQHgFJTrUFnJfXYf4Ml4adI2vXZOjqRDpFWtYVWypDfZwnJ+HIR4A=="
    }
  },
  "dependencies": {
    "@types/chroma-js": {
      "version": "2.1.4",
      "resolved": "https://registry.npmjs.org/@types/chroma-js/-/chroma-js-2.1.4.tgz",
      "integrity": "sha512-l9hWzP7cp7yleJUI7P2acmpllTJNYf5uU6wh50JzSIZt3fFHe+w2FM6w9oZGBTYzjjm2qHdnQvI+fF/JF/E5jQ==",
      "dev": true
    },
    "chroma-js": {
      "version": "2.4.2",
      "resolved": "https://registry.npmjs.org/chroma-js/-/chroma-js-2.4.2.tgz",
      "integrity": "sha512-U9eDw6+wt7V8z5NncY2jJfZa+hUH8XEj8FQHgFJTrUFnJfXYf4Ml4adI2vXZOjqRDpFWtYVWypDfZwnJ+HIR4A=="
    }
  }
}
